// !$*UTF8*$!
{
	archiveVersion = 1;
	classes = {
	};
	objectVersion = 56;
	objects = {

/* Begin PBXBuildFile section */
		9F93ABF12B8107E1005A0741 /* MoviesController.swift in Sources */ = {isa = PBXBuildFile; fileRef = 9F93ABF02B8107E1005A0741 /* MoviesController.swift */; };
		9FC04BC22B823EBD00F9E489 /* Alamofire in Frameworks */ = {isa = PBXBuildFile; productRef = 9FC04BC12B823EBD00F9E489 /* Alamofire */; };
		9FC04BC52B82401A00F9E489 /* SwiftyJSON in Frameworks */ = {isa = PBXBuildFile; productRef = 9FC04BC42B82401A00F9E489 /* SwiftyJSON */; };
		9FDC65AF2B6C036C0095101C /* sample_movies_app_iosApp.swift in Sources */ = {isa = PBXBuildFile; fileRef = 9FDC65AE2B6C036C0095101C /* sample_movies_app_iosApp.swift */; };
		9FDC65B12B6C036C0095101C /* MainView.swift in Sources */ = {isa = PBXBuildFile; fileRef = 9FDC65B02B6C036C0095101C /* MainView.swift */; };
		9FDC65B32B6C036E0095101C /* Assets.xcassets in Resources */ = {isa = PBXBuildFile; fileRef = 9FDC65B22B6C036E0095101C /* Assets.xcassets */; };
		9FDC65B62B6C036E0095101C /* Preview Assets.xcassets in Resources */ = {isa = PBXBuildFile; fileRef = 9FDC65B52B6C036E0095101C /* Preview Assets.xcassets */; };
		9FDC65C02B6C036E0095101C /* sample_movies_app_iosTests.swift in Sources */ = {isa = PBXBuildFile; fileRef = 9FDC65BF2B6C036E0095101C /* sample_movies_app_iosTests.swift */; };
		9FDC65CA2B6C036E0095101C /* sample_movies_app_iosUITests.swift in Sources */ = {isa = PBXBuildFile; fileRef = 9FDC65C92B6C036E0095101C /* sample_movies_app_iosUITests.swift */; };
		9FDC65CC2B6C036E0095101C /* sample_movies_app_iosUITestsLaunchTests.swift in Sources */ = {isa = PBXBuildFile; fileRef = 9FDC65CB2B6C036E0095101C /* sample_movies_app_iosUITestsLaunchTests.swift */; };
		9FEA867B2B77F8A500622C74 /* MoviesScreen.swift in Sources */ = {isa = PBXBuildFile; fileRef = 9FEA867A2B77F8A500622C74 /* MoviesScreen.swift */; };
		9FEA86812B78E9D900622C74 /* MovieModel.swift in Sources */ = {isa = PBXBuildFile; fileRef = 9FEA86802B78E9D900622C74 /* MovieModel.swift */; };
		9FEA86832B78EA2900622C74 /* MovieItemView.swift in Sources */ = {isa = PBXBuildFile; fileRef = 9FEA86822B78EA2900622C74 /* MovieItemView.swift */; };
		9FEA86862B790ADA00622C74 /* BottomBar-SwiftUI in Frameworks */ = {isa = PBXBuildFile; productRef = 9FEA86852B790ADA00622C74 /* BottomBar-SwiftUI */; };
/* End PBXBuildFile section */

/* Begin PBXContainerItemProxy section */
		9FDC65BC2B6C036E0095101C /* PBXContainerItemProxy */ = {
			isa = PBXContainerItemProxy;
			containerPortal = 9FDC65A32B6C036C0095101C /* Project object */;
			proxyType = 1;
			remoteGlobalIDString = 9FDC65AA2B6C036C0095101C;
			remoteInfo = "sample-movies-app-ios";
		};
		9FDC65C62B6C036E0095101C /* PBXContainerItemProxy */ = {
			isa = PBXContainerItemProxy;
			containerPortal = 9FDC65A32B6C036C0095101C /* Project object */;
			proxyType = 1;
			remoteGlobalIDString = 9FDC65AA2B6C036C0095101C;
			remoteInfo = "sample-movies-app-ios";
		};
/* End PBXContainerItemProxy section */

/* Begin PBXFileReference section */
		9F93ABF02B8107E1005A0741 /* MoviesController.swift */ = {isa = PBXFileReference; lastKnownFileType = sourcecode.swift; path = MoviesController.swift; sourceTree = "<group>"; };
		9FDC65AB2B6C036C0095101C /* sample-movies-app-ios.app */ = {isa = PBXFileReference; explicitFileType = wrapper.application; includeInIndex = 0; path = "sample-movies-app-ios.app"; sourceTree = BUILT_PRODUCTS_DIR; };
		9FDC65AE2B6C036C0095101C /* sample_movies_app_iosApp.swift */ = {isa = PBXFileReference; lastKnownFileType = sourcecode.swift; path = sample_movies_app_iosApp.swift; sourceTree = "<group>"; };
		9FDC65B02B6C036C0095101C /* MainView.swift */ = {isa = PBXFileReference; lastKnownFileType = sourcecode.swift; path = MainView.swift; sourceTree = "<group>"; };
		9FDC65B22B6C036E0095101C /* Assets.xcassets */ = {isa = PBXFileReference; lastKnownFileType = folder.assetcatalog; path = Assets.xcassets; sourceTree = "<group>"; };
		9FDC65B52B6C036E0095101C /* Preview Assets.xcassets */ = {isa = PBXFileReference; lastKnownFileType = folder.assetcatalog; path = "Preview Assets.xcassets"; sourceTree = "<group>"; };
		9FDC65BB2B6C036E0095101C /* sample-movies-app-iosTests.xctest */ = {isa = PBXFileReference; explicitFileType = wrapper.cfbundle; includeInIndex = 0; path = "sample-movies-app-iosTests.xctest"; sourceTree = BUILT_PRODUCTS_DIR; };
		9FDC65BF2B6C036E0095101C /* sample_movies_app_iosTests.swift */ = {isa = PBXFileReference; lastKnownFileType = sourcecode.swift; path = sample_movies_app_iosTests.swift; sourceTree = "<group>"; };
		9FDC65C52B6C036E0095101C /* sample-movies-app-iosUITests.xctest */ = {isa = PBXFileReference; explicitFileType = wrapper.cfbundle; includeInIndex = 0; path = "sample-movies-app-iosUITests.xctest"; sourceTree = BUILT_PRODUCTS_DIR; };
		9FDC65C92B6C036E0095101C /* sample_movies_app_iosUITests.swift */ = {isa = PBXFileReference; lastKnownFileType = sourcecode.swift; path = sample_movies_app_iosUITests.swift; sourceTree = "<group>"; };
		9FDC65CB2B6C036E0095101C /* sample_movies_app_iosUITestsLaunchTests.swift */ = {isa = PBXFileReference; lastKnownFileType = sourcecode.swift; path = sample_movies_app_iosUITestsLaunchTests.swift; sourceTree = "<group>"; };
		9FEA867A2B77F8A500622C74 /* MoviesScreen.swift */ = {isa = PBXFileReference; lastKnownFileType = sourcecode.swift; path = MoviesScreen.swift; sourceTree = "<group>"; };
		9FEA86802B78E9D900622C74 /* MovieModel.swift */ = {isa = PBXFileReference; lastKnownFileType = sourcecode.swift; path = MovieModel.swift; sourceTree = "<group>"; };
		9FEA86822B78EA2900622C74 /* MovieItemView.swift */ = {isa = PBXFileReference; lastKnownFileType = sourcecode.swift; path = MovieItemView.swift; sourceTree = "<group>"; };
/* End PBXFileReference section */

/* Begin PBXFrameworksBuildPhase section */
		9FDC65A82B6C036C0095101C /* Frameworks */ = {
			isa = PBXFrameworksBuildPhase;
			buildActionMask = 2147483647;
			files = (
				9FC04BC52B82401A00F9E489 /* SwiftyJSON in Frameworks */,
				9FEA86862B790ADA00622C74 /* BottomBar-SwiftUI in Frameworks */,
				9FC04BC22B823EBD00F9E489 /* Alamofire in Frameworks */,
			);
			runOnlyForDeploymentPostprocessing = 0;
		};
		9FDC65B82B6C036E0095101C /* Frameworks */ = {
			isa = PBXFrameworksBuildPhase;
			buildActionMask = 2147483647;
			files = (
			);
			runOnlyForDeploymentPostprocessing = 0;
		};
		9FDC65C22B6C036E0095101C /* Frameworks */ = {
			isa = PBXFrameworksBuildPhase;
			buildActionMask = 2147483647;
			files = (
			);
			runOnlyForDeploymentPostprocessing = 0;
		};
/* End PBXFrameworksBuildPhase section */

/* Begin PBXGroup section */
		9FDC65A22B6C036C0095101C = {
			isa = PBXGroup;
			children = (
				9FDC65AD2B6C036C0095101C /* sample-movies-app-ios */,
				9FDC65BE2B6C036E0095101C /* sample-movies-app-iosTests */,
				9FDC65C82B6C036E0095101C /* sample-movies-app-iosUITests */,
				9FDC65AC2B6C036C0095101C /* Products */,
			);
			sourceTree = "<group>";
		};
		9FDC65AC2B6C036C0095101C /* Products */ = {
			isa = PBXGroup;
			children = (
				9FDC65AB2B6C036C0095101C /* sample-movies-app-ios.app */,
				9FDC65BB2B6C036E0095101C /* sample-movies-app-iosTests.xctest */,
				9FDC65C52B6C036E0095101C /* sample-movies-app-iosUITests.xctest */,
			);
			name = Products;
			sourceTree = "<group>";
		};
		9FDC65AD2B6C036C0095101C /* sample-movies-app-ios */ = {
			isa = PBXGroup;
			children = (
				9FEA867F2B78E98400622C74 /* Controllers */,
				9FEA867E2B78E97800622C74 /* Views */,
				9FEA867D2B78E96D00622C74 /* Models */,
				9FDC65AE2B6C036C0095101C /* sample_movies_app_iosApp.swift */,
				9FDC65B02B6C036C0095101C /* MainView.swift */,
				9FDC65B22B6C036E0095101C /* Assets.xcassets */,
				9FDC65B42B6C036E0095101C /* Preview Content */,
			);
			path = "sample-movies-app-ios";
			sourceTree = "<group>";
		};
		9FDC65B42B6C036E0095101C /* Preview Content */ = {
			isa = PBXGroup;
			children = (
				9FDC65B52B6C036E0095101C /* Preview Assets.xcassets */,
			);
			path = "Preview Content";
			sourceTree = "<group>";
		};
		9FDC65BE2B6C036E0095101C /* sample-movies-app-iosTests */ = {
			isa = PBXGroup;
			children = (
				9FDC65BF2B6C036E0095101C /* sample_movies_app_iosTests.swift */,
			);
			path = "sample-movies-app-iosTests";
			sourceTree = "<group>";
		};
		9FDC65C82B6C036E0095101C /* sample-movies-app-iosUITests */ = {
			isa = PBXGroup;
			children = (
				9FDC65C92B6C036E0095101C /* sample_movies_app_iosUITests.swift */,
				9FDC65CB2B6C036E0095101C /* sample_movies_app_iosUITestsLaunchTests.swift */,
			);
			path = "sample-movies-app-iosUITests";
			sourceTree = "<group>";
		};
		9FEA867C2B78E94000622C74 /* Movies_Screen */ = {
			isa = PBXGroup;
			children = (
				9FEA867A2B77F8A500622C74 /* MoviesScreen.swift */,
				9FEA86822B78EA2900622C74 /* MovieItemView.swift */,
			);
			path = Movies_Screen;
			sourceTree = "<group>";
		};
		9FEA867D2B78E96D00622C74 /* Models */ = {
			isa = PBXGroup;
			children = (
				9FEA86802B78E9D900622C74 /* MovieModel.swift */,
			);
			path = Models;
			sourceTree = "<group>";
		};
		9FEA867E2B78E97800622C74 /* Views */ = {
			isa = PBXGroup;
			children = (
				9FEA867C2B78E94000622C74 /* Movies_Screen */,
			);
			path = Views;
			sourceTree = "<group>";
		};
		9FEA867F2B78E98400622C74 /* Controllers */ = {
			isa = PBXGroup;
			children = (
				9F93ABF02B8107E1005A0741 /* MoviesController.swift */,
			);
			path = Controllers;
			sourceTree = "<group>";
		};
/* End PBXGroup section */

/* Begin PBXNativeTarget section */
		9FDC65AA2B6C036C0095101C /* sample-movies-app-ios */ = {
			isa = PBXNativeTarget;
			buildConfigurationList = 9FDC65CF2B6C036E0095101C /* Build configuration list for PBXNativeTarget "sample-movies-app-ios" */;
			buildPhases = (
				9FDC65A72B6C036C0095101C /* Sources */,
				9FDC65A82B6C036C0095101C /* Frameworks */,
				9FDC65A92B6C036C0095101C /* Resources */,
			);
			buildRules = (
			);
			dependencies = (
			);
			name = "sample-movies-app-ios";
			packageProductDependencies = (
				9FEA86852B790ADA00622C74 /* BottomBar-SwiftUI */,
				9FC04BC12B823EBD00F9E489 /* Alamofire */,
				9FC04BC42B82401A00F9E489 /* SwiftyJSON */,
			);
			productName = "sample-movies-app-ios";
			productReference = 9FDC65AB2B6C036C0095101C /* sample-movies-app-ios.app */;
			productType = "com.apple.product-type.application";
		};
		9FDC65BA2B6C036E0095101C /* sample-movies-app-iosTests */ = {
			isa = PBXNativeTarget;
			buildConfigurationList = 9FDC65D22B6C036E0095101C /* Build configuration list for PBXNativeTarget "sample-movies-app-iosTests" */;
			buildPhases = (
				9FDC65B72B6C036E0095101C /* Sources */,
				9FDC65B82B6C036E0095101C /* Frameworks */,
				9FDC65B92B6C036E0095101C /* Resources */,
			);
			buildRules = (
			);
			dependencies = (
				9FDC65BD2B6C036E0095101C /* PBXTargetDependency */,
			);
			name = "sample-movies-app-iosTests";
			productName = "sample-movies-app-iosTests";
			productReference = 9FDC65BB2B6C036E0095101C /* sample-movies-app-iosTests.xctest */;
			productType = "com.apple.product-type.bundle.unit-test";
		};
		9FDC65C42B6C036E0095101C /* sample-movies-app-iosUITests */ = {
			isa = PBXNativeTarget;
			buildConfigurationList = 9FDC65D52B6C036E0095101C /* Build configuration list for PBXNativeTarget "sample-movies-app-iosUITests" */;
			buildPhases = (
				9FDC65C12B6C036E0095101C /* Sources */,
				9FDC65C22B6C036E0095101C /* Frameworks */,
				9FDC65C32B6C036E0095101C /* Resources */,
			);
			buildRules = (
			);
			dependencies = (
				9FDC65C72B6C036E0095101C /* PBXTargetDependency */,
			);
			name = "sample-movies-app-iosUITests";
			productName = "sample-movies-app-iosUITests";
			productReference = 9FDC65C52B6C036E0095101C /* sample-movies-app-iosUITests.xctest */;
			productType = "com.apple.product-type.bundle.ui-testing";
		};
/* End PBXNativeTarget section */

/* Begin PBXProject section */
		9FDC65A32B6C036C0095101C /* Project object */ = {
			isa = PBXProject;
			attributes = {
				BuildIndependentTargetsInParallel = 1;
				LastSwiftUpdateCheck = 1510;
				LastUpgradeCheck = 1510;
				TargetAttributes = {
					9FDC65AA2B6C036C0095101C = {
						CreatedOnToolsVersion = 15.1;
					};
					9FDC65BA2B6C036E0095101C = {
						CreatedOnToolsVersion = 15.1;
						TestTargetID = 9FDC65AA2B6C036C0095101C;
					};
					9FDC65C42B6C036E0095101C = {
						CreatedOnToolsVersion = 15.1;
						TestTargetID = 9FDC65AA2B6C036C0095101C;
					};
				};
			};
			buildConfigurationList = 9FDC65A62B6C036C0095101C /* Build configuration list for PBXProject "sample-movies-app-ios" */;
			compatibilityVersion = "Xcode 14.0";
			developmentRegion = en;
			hasScannedForEncodings = 0;
			knownRegions = (
				en,
				Base,
			);
			mainGroup = 9FDC65A22B6C036C0095101C;
			packageReferences = (
				9FEA86842B790ADA00622C74 /* XCRemoteSwiftPackageReference "bottombar-swiftui" */,
				9FC04BC02B823EBC00F9E489 /* XCRemoteSwiftPackageReference "Alamofire" */,
				9FC04BC32B82401A00F9E489 /* XCRemoteSwiftPackageReference "SwiftyJSON" */,
			);
			productRefGroup = 9FDC65AC2B6C036C0095101C /* Products */;
			projectDirPath = "";
			projectRoot = "";
			targets = (
				9FDC65AA2B6C036C0095101C /* sample-movies-app-ios */,
				9FDC65BA2B6C036E0095101C /* sample-movies-app-iosTests */,
				9FDC65C42B6C036E0095101C /* sample-movies-app-iosUITests */,
			);
		};
/* End PBXProject section */

/* Begin PBXResourcesBuildPhase section */
		9FDC65A92B6C036C0095101C /* Resources */ = {
			isa = PBXResourcesBuildPhase;
			buildActionMask = 2147483647;
			files = (
				9FDC65B62B6C036E0095101C /* Preview Assets.xcassets in Resources */,
				9FDC65B32B6C036E0095101C /* Assets.xcassets in Resources */,
			);
			runOnlyForDeploymentPostprocessing = 0;
		};
		9FDC65B92B6C036E0095101C /* Resources */ = {
			isa = PBXResourcesBuildPhase;
			buildActionMask = 2147483647;
			files = (
			);
			runOnlyForDeploymentPostprocessing = 0;
		};
		9FDC65C32B6C036E0095101C /* Resources */ = {
			isa = PBXResourcesBuildPhase;
			buildActionMask = 2147483647;
			files = (
			);
			runOnlyForDeploymentPostprocessing = 0;
		};
/* End PBXResourcesBuildPhase section */

/* Begin PBXSourcesBuildPhase section */
		9FDC65A72B6C036C0095101C /* Sources */ = {
			isa = PBXSourcesBuildPhase;
			buildActionMask = 2147483647;
			files = (
				9FEA86812B78E9D900622C74 /* MovieModel.swift in Sources */,
				9FDC65B12B6C036C0095101C /* MainView.swift in Sources */,
				9F93ABF12B8107E1005A0741 /* MoviesController.swift in Sources */,
				9FDC65AF2B6C036C0095101C /* sample_movies_app_iosApp.swift in Sources */,
				9FEA86832B78EA2900622C74 /* MovieItemView.swift in Sources */,
				9FEA867B2B77F8A500622C74 /* MoviesScreen.swift in Sources */,
			);
			runOnlyForDeploymentPostprocessing = 0;
		};
		9FDC65B72B6C036E0095101C /* Sources */ = {
			isa = PBXSourcesBuildPhase;
			buildActionMask = 2147483647;
			files = (
				9FDC65C02B6C036E0095101C /* sample_movies_app_iosTests.swift in Sources */,
			);
			runOnlyForDeploymentPostprocessing = 0;
		};
		9FDC65C12B6C036E0095101C /* Sources */ = {
			isa = PBXSourcesBuildPhase;
			buildActionMask = 2147483647;
			files = (
				9FDC65CA2B6C036E0095101C /* sample_movies_app_iosUITests.swift in Sources */,
				9FDC65CC2B6C036E0095101C /* sample_movies_app_iosUITestsLaunchTests.swift in Sources */,
			);
			runOnlyForDeploymentPostprocessing = 0;
		};
/* End PBXSourcesBuildPhase section */

/* Begin PBXTargetDependency section */
		9FDC65BD2B6C036E0095101C /* PBXTargetDependency */ = {
			isa = PBXTargetDependency;
			target = 9FDC65AA2B6C036C0095101C /* sample-movies-app-ios */;
			targetProxy = 9FDC65BC2B6C036E0095101C /* PBXContainerItemProxy */;
		};
		9FDC65C72B6C036E0095101C /* PBXTargetDependency */ = {
			isa = PBXTargetDependency;
			target = 9FDC65AA2B6C036C0095101C /* sample-movies-app-ios */;
			targetProxy = 9FDC65C62B6C036E0095101C /* PBXContainerItemProxy */;
		};
/* End PBXTargetDependency section */

/* Begin XCBuildConfiguration section */
		9FDC65CD2B6C036E0095101C /* Debug */ = {
			isa = XCBuildConfiguration;
			buildSettings = {
				ALWAYS_SEARCH_USER_PATHS = NO;
				ASSETCATALOG_COMPILER_GENERATE_SWIFT_ASSET_SYMBOL_EXTENSIONS = YES;
				CLANG_ANALYZER_NONNULL = YES;
				CLANG_ANALYZER_NUMBER_OBJECT_CONVERSION = YES_AGGRESSIVE;
				CLANG_CXX_LANGUAGE_STANDARD = "gnu++20";
				CLANG_ENABLE_MODULES = YES;
				CLANG_ENABLE_OBJC_ARC = YES;
				CLANG_ENABLE_OBJC_WEAK = YES;
				CLANG_WARN_BLOCK_CAPTURE_AUTORELEASING = YES;
				CLANG_WARN_BOOL_CONVERSION = YES;
				CLANG_WARN_COMMA = YES;
				CLANG_WARN_CONSTANT_CONVERSION = YES;
				CLANG_WARN_DEPRECATED_OBJC_IMPLEMENTATIONS = YES;
				CLANG_WARN_DIRECT_OBJC_ISA_USAGE = YES_ERROR;
				CLANG_WARN_DOCUMENTATION_COMMENTS = YES;
				CLANG_WARN_EMPTY_BODY = YES;
				CLANG_WARN_ENUM_CONVERSION = YES;
				CLANG_WARN_INFINITE_RECURSION = YES;
				CLANG_WARN_INT_CONVERSION = YES;
				CLANG_WARN_NON_LITERAL_NULL_CONVERSION = YES;
				CLANG_WARN_OBJC_IMPLICIT_RETAIN_SELF = YES;
				CLANG_WARN_OBJC_LITERAL_CONVERSION = YES;
				CLANG_WARN_OBJC_ROOT_CLASS = YES_ERROR;
				CLANG_WARN_QUOTED_INCLUDE_IN_FRAMEWORK_HEADER = YES;
				CLANG_WARN_RANGE_LOOP_ANALYSIS = YES;
				CLANG_WARN_STRICT_PROTOTYPES = YES;
				CLANG_WARN_SUSPICIOUS_MOVE = YES;
				CLANG_WARN_UNGUARDED_AVAILABILITY = YES_AGGRESSIVE;
				CLANG_WARN_UNREACHABLE_CODE = YES;
				CLANG_WARN__DUPLICATE_METHOD_MATCH = YES;
				COPY_PHASE_STRIP = NO;
				DEBUG_INFORMATION_FORMAT = dwarf;
				ENABLE_STRICT_OBJC_MSGSEND = YES;
				ENABLE_TESTABILITY = YES;
				ENABLE_USER_SCRIPT_SANDBOXING = YES;
				GCC_C_LANGUAGE_STANDARD = gnu17;
				GCC_DYNAMIC_NO_PIC = NO;
				GCC_NO_COMMON_BLOCKS = YES;
				GCC_OPTIMIZATION_LEVEL = 0;
				GCC_PREPROCESSOR_DEFINITIONS = (
					"DEBUG=1",
					"$(inherited)",
				);
				GCC_WARN_64_TO_32_BIT_CONVERSION = YES;
				GCC_WARN_ABOUT_RETURN_TYPE = YES_ERROR;
				GCC_WARN_UNDECLARED_SELECTOR = YES;
				GCC_WARN_UNINITIALIZED_AUTOS = YES_AGGRESSIVE;
				GCC_WARN_UNUSED_FUNCTION = YES;
				GCC_WARN_UNUSED_VARIABLE = YES;
				IPHONEOS_DEPLOYMENT_TARGET = 17.2;
				LOCALIZATION_PREFERS_STRING_CATALOGS = YES;
				MTL_ENABLE_DEBUG_INFO = INCLUDE_SOURCE;
				MTL_FAST_MATH = YES;
				ONLY_ACTIVE_ARCH = YES;
				SDKROOT = iphoneos;
				SWIFT_ACTIVE_COMPILATION_CONDITIONS = "DEBUG $(inherited)";
				SWIFT_OPTIMIZATION_LEVEL = "-Onone";
			};
			name = Debug;
		};
		9FDC65CE2B6C036E0095101C /* Release */ = {
			isa = XCBuildConfiguration;
			buildSettings = {
				ALWAYS_SEARCH_USER_PATHS = NO;
				ASSETCATALOG_COMPILER_GENERATE_SWIFT_ASSET_SYMBOL_EXTENSIONS = YES;
				CLANG_ANALYZER_NONNULL = YES;
				CLANG_ANALYZER_NUMBER_OBJECT_CONVERSION = YES_AGGRESSIVE;
				CLANG_CXX_LANGUAGE_STANDARD = "gnu++20";
				CLANG_ENABLE_MODULES = YES;
				CLANG_ENABLE_OBJC_ARC = YES;
				CLANG_ENABLE_OBJC_WEAK = YES;
				CLANG_WARN_BLOCK_CAPTURE_AUTORELEASING = YES;
				CLANG_WARN_BOOL_CONVERSION = YES;
				CLANG_WARN_COMMA = YES;
				CLANG_WARN_CONSTANT_CONVERSION = YES;
				CLANG_WARN_DEPRECATED_OBJC_IMPLEMENTATIONS = YES;
				CLANG_WARN_DIRECT_OBJC_ISA_USAGE = YES_ERROR;
				CLANG_WARN_DOCUMENTATION_COMMENTS = YES;
				CLANG_WARN_EMPTY_BODY = YES;
				CLANG_WARN_ENUM_CONVERSION = YES;
				CLANG_WARN_INFINITE_RECURSION = YES;
				CLANG_WARN_INT_CONVERSION = YES;
				CLANG_WARN_NON_LITERAL_NULL_CONVERSION = YES;
				CLANG_WARN_OBJC_IMPLICIT_RETAIN_SELF = YES;
				CLANG_WARN_OBJC_LITERAL_CONVERSION = YES;
				CLANG_WARN_OBJC_ROOT_CLASS = YES_ERROR;
				CLANG_WARN_QUOTED_INCLUDE_IN_FRAMEWORK_HEADER = YES;
				CLANG_WARN_RANGE_LOOP_ANALYSIS = YES;
				CLANG_WARN_STRICT_PROTOTYPES = YES;
				CLANG_WARN_SUSPICIOUS_MOVE = YES;
				CLANG_WARN_UNGUARDED_AVAILABILITY = YES_AGGRESSIVE;
				CLANG_WARN_UNREACHABLE_CODE = YES;
				CLANG_WARN__DUPLICATE_METHOD_MATCH = YES;
				COPY_PHASE_STRIP = NO;
				DEBUG_INFORMATION_FORMAT = "dwarf-with-dsym";
				ENABLE_NS_ASSERTIONS = NO;
				ENABLE_STRICT_OBJC_MSGSEND = YES;
				ENABLE_USER_SCRIPT_SANDBOXING = YES;
				GCC_C_LANGUAGE_STANDARD = gnu17;
				GCC_NO_COMMON_BLOCKS = YES;
				GCC_WARN_64_TO_32_BIT_CONVERSION = YES;
				GCC_WARN_ABOUT_RETURN_TYPE = YES_ERROR;
				GCC_WARN_UNDECLARED_SELECTOR = YES;
				GCC_WARN_UNINITIALIZED_AUTOS = YES_AGGRESSIVE;
				GCC_WARN_UNUSED_FUNCTION = YES;
				GCC_WARN_UNUSED_VARIABLE = YES;
				IPHONEOS_DEPLOYMENT_TARGET = 17.2;
				LOCALIZATION_PREFERS_STRING_CATALOGS = YES;
				MTL_ENABLE_DEBUG_INFO = NO;
				MTL_FAST_MATH = YES;
				SDKROOT = iphoneos;
				SWIFT_COMPILATION_MODE = wholemodule;
				VALIDATE_PRODUCT = YES;
			};
			name = Release;
		};
		9FDC65D02B6C036E0095101C /* Debug */ = {
			isa = XCBuildConfiguration;
			buildSettings = {
				ASSETCATALOG_COMPILER_APPICON_NAME = AppIcon;
				ASSETCATALOG_COMPILER_GLOBAL_ACCENT_COLOR_NAME = AccentColor;
				CODE_SIGN_STYLE = Automatic;
				CURRENT_PROJECT_VERSION = 1;
				DEVELOPMENT_ASSET_PATHS = "\"sample-movies-app-ios/Preview Content\"";
				ENABLE_PREVIEWS = YES;
				GENERATE_INFOPLIST_FILE = YES;
				INFOPLIST_KEY_UIApplicationSceneManifest_Generation = YES;
				INFOPLIST_KEY_UIApplicationSupportsIndirectInputEvents = YES;
				INFOPLIST_KEY_UILaunchScreen_Generation = YES;
				INFOPLIST_KEY_UISupportedInterfaceOrientations_iPad = "UIInterfaceOrientationPortrait UIInterfaceOrientationPortraitUpsideDown UIInterfaceOrientationLandscapeLeft UIInterfaceOrientationLandscapeRight";
				INFOPLIST_KEY_UISupportedInterfaceOrientations_iPhone = "UIInterfaceOrientationPortrait UIInterfaceOrientationLandscapeLeft UIInterfaceOrientationLandscapeRight";
				LD_RUNPATH_SEARCH_PATHS = (
					"$(inherited)",
					"@executable_path/Frameworks",
				);
				MARKETING_VERSION = 1.0;
				PRODUCT_BUNDLE_IDENTIFIER = "ios.sample-movies-app-ios";
				PRODUCT_NAME = "$(TARGET_NAME)";
				SWIFT_EMIT_LOC_STRINGS = YES;
				SWIFT_VERSION = 5.0;
				TARGETED_DEVICE_FAMILY = "1,2";
			};
			name = Debug;
		};
		9FDC65D12B6C036E0095101C /* Release */ = {
			isa = XCBuildConfiguration;
			buildSettings = {
				ASSETCATALOG_COMPILER_APPICON_NAME = AppIcon;
				ASSETCATALOG_COMPILER_GLOBAL_ACCENT_COLOR_NAME = AccentColor;
				CODE_SIGN_STYLE = Automatic;
				CURRENT_PROJECT_VERSION = 1;
				DEVELOPMENT_ASSET_PATHS = "\"sample-movies-app-ios/Preview Content\"";
				ENABLE_PREVIEWS = YES;
				GENERATE_INFOPLIST_FILE = YES;
				INFOPLIST_KEY_UIApplicationSceneManifest_Generation = YES;
				INFOPLIST_KEY_UIApplicationSupportsIndirectInputEvents = YES;
				INFOPLIST_KEY_UILaunchScreen_Generation = YES;
				INFOPLIST_KEY_UISupportedInterfaceOrientations_iPad = "UIInterfaceOrientationPortrait UIInterfaceOrientationPortraitUpsideDown UIInterfaceOrientationLandscapeLeft UIInterfaceOrientationLandscapeRight";
				INFOPLIST_KEY_UISupportedInterfaceOrientations_iPhone = "UIInterfaceOrientationPortrait UIInterfaceOrientationLandscapeLeft UIInterfaceOrientationLandscapeRight";
				LD_RUNPATH_SEARCH_PATHS = (
					"$(inherited)",
					"@executable_path/Frameworks",
				);
				MARKETING_VERSION = 1.0;
				PRODUCT_BUNDLE_IDENTIFIER = "ios.sample-movies-app-ios";
				PRODUCT_NAME = "$(TARGET_NAME)";
				SWIFT_EMIT_LOC_STRINGS = YES;
				SWIFT_VERSION = 5.0;
				TARGETED_DEVICE_FAMILY = "1,2";
			};
			name = Release;
		};
		9FDC65D32B6C036E0095101C /* Debug */ = {
			isa = XCBuildConfiguration;
			buildSettings = {
				ALWAYS_EMBED_SWIFT_STANDARD_LIBRARIES = YES;
				BUNDLE_LOADER = "$(TEST_HOST)";
				CODE_SIGN_STYLE = Automatic;
				CURRENT_PROJECT_VERSION = 1;
				GENERATE_INFOPLIST_FILE = YES;
				IPHONEOS_DEPLOYMENT_TARGET = 17.2;
				MARKETING_VERSION = 1.0;
				PRODUCT_BUNDLE_IDENTIFIER = "ios.sample-movies-app-iosTests";
				PRODUCT_NAME = "$(TARGET_NAME)";
				SWIFT_EMIT_LOC_STRINGS = NO;
				SWIFT_VERSION = 5.0;
				TARGETED_DEVICE_FAMILY = "1,2";
				TEST_HOST = "$(BUILT_PRODUCTS_DIR)/sample-movies-app-ios.app/$(BUNDLE_EXECUTABLE_FOLDER_PATH)/sample-movies-app-ios";
			};
			name = Debug;
		};
		9FDC65D42B6C036E0095101C /* Release */ = {
			isa = XCBuildConfiguration;
			buildSettings = {
				ALWAYS_EMBED_SWIFT_STANDARD_LIBRARIES = YES;
				BUNDLE_LOADER = "$(TEST_HOST)";
				CODE_SIGN_STYLE = Automatic;
				CURRENT_PROJECT_VERSION = 1;
				GENERATE_INFOPLIST_FILE = YES;
				IPHONEOS_DEPLOYMENT_TARGET = 17.2;
				MARKETING_VERSION = 1.0;
				PRODUCT_BUNDLE_IDENTIFIER = "ios.sample-movies-app-iosTests";
				PRODUCT_NAME = "$(TARGET_NAME)";
				SWIFT_EMIT_LOC_STRINGS = NO;
				SWIFT_VERSION = 5.0;
				TARGETED_DEVICE_FAMILY = "1,2";
				TEST_HOST = "$(BUILT_PRODUCTS_DIR)/sample-movies-app-ios.app/$(BUNDLE_EXECUTABLE_FOLDER_PATH)/sample-movies-app-ios";
			};
			name = Release;
		};
		9FDC65D62B6C036E0095101C /* Debug */ = {
			isa = XCBuildConfiguration;
			buildSettings = {
				ALWAYS_EMBED_SWIFT_STANDARD_LIBRARIES = YES;
				CODE_SIGN_STYLE = Automatic;
				CURRENT_PROJECT_VERSION = 1;
				GENERATE_INFOPLIST_FILE = YES;
				MARKETING_VERSION = 1.0;
				PRODUCT_BUNDLE_IDENTIFIER = "ios.sample-movies-app-iosUITests";
				PRODUCT_NAME = "$(TARGET_NAME)";
				SWIFT_EMIT_LOC_STRINGS = NO;
				SWIFT_VERSION = 5.0;
				TARGETED_DEVICE_FAMILY = "1,2";
				TEST_TARGET_NAME = "sample-movies-app-ios";
			};
			name = Debug;
		};
		9FDC65D72B6C036E0095101C /* Release */ = {
			isa = XCBuildConfiguration;
			buildSettings = {
				ALWAYS_EMBED_SWIFT_STANDARD_LIBRARIES = YES;
				CODE_SIGN_STYLE = Automatic;
				CURRENT_PROJECT_VERSION = 1;
				GENERATE_INFOPLIST_FILE = YES;
				MARKETING_VERSION = 1.0;
				PRODUCT_BUNDLE_IDENTIFIER = "ios.sample-movies-app-iosUITests";
				PRODUCT_NAME = "$(TARGET_NAME)";
				SWIFT_EMIT_LOC_STRINGS = NO;
				SWIFT_VERSION = 5.0;
				TARGETED_DEVICE_FAMILY = "1,2";
				TEST_TARGET_NAME = "sample-movies-app-ios";
			};
			name = Release;
		};
/* End XCBuildConfiguration section */

/* Begin XCConfigurationList section */
		9FDC65A62B6C036C0095101C /* Build configuration list for PBXProject "sample-movies-app-ios" */ = {
			isa = XCConfigurationList;
			buildConfigurations = (
				9FDC65CD2B6C036E0095101C /* Debug */,
				9FDC65CE2B6C036E0095101C /* Release */,
			);
			defaultConfigurationIsVisible = 0;
			defaultConfigurationName = Release;
		};
		9FDC65CF2B6C036E0095101C /* Build configuration list for PBXNativeTarget "sample-movies-app-ios" */ = {
			isa = XCConfigurationList;
			buildConfigurations = (
				9FDC65D02B6C036E0095101C /* Debug */,
				9FDC65D12B6C036E0095101C /* Release */,
			);
			defaultConfigurationIsVisible = 0;
			defaultConfigurationName = Release;
		};
		9FDC65D22B6C036E0095101C /* Build configuration list for PBXNativeTarget "sample-movies-app-iosTests" */ = {
			isa = XCConfigurationList;
			buildConfigurations = (
				9FDC65D32B6C036E0095101C /* Debug */,
				9FDC65D42B6C036E0095101C /* Release */,
			);
			defaultConfigurationIsVisible = 0;
			defaultConfigurationName = Release;
		};
		9FDC65D52B6C036E0095101C /* Build configuration list for PBXNativeTarget "sample-movies-app-iosUITests" */ = {
			isa = XCConfigurationList;
			buildConfigurations = (
				9FDC65D62B6C036E0095101C /* Debug */,
				9FDC65D72B6C036E0095101C /* Release */,
			);
			defaultConfigurationIsVisible = 0;
			defaultConfigurationName = Release;
		};
/* End XCConfigurationList section */

/* Begin XCRemoteSwiftPackageReference section */
		9FC04BC02B823EBC00F9E489 /* XCRemoteSwiftPackageReference "Alamofire" */ = {
			isa = XCRemoteSwiftPackageReference;
			repositoryURL = "https://github.com/Alamofire/Alamofire";
			requirement = {
				kind = upToNextMajorVersion;
				minimumVersion = 5.8.1;
			};
		};
		9FC04BC32B82401A00F9E489 /* XCRemoteSwiftPackageReference "SwiftyJSON" */ = {
			isa = XCRemoteSwiftPackageReference;
			repositoryURL = "https://github.com/SwiftyJSON/SwiftyJSON";
			requirement = {
				kind = upToNextMajorVersion;
				minimumVersion = 5.0.1;
			};
		};
		9FEA86842B790ADA00622C74 /* XCRemoteSwiftPackageReference "bottombar-swiftui" */ = {
			isa = XCRemoteSwiftPackageReference;
			repositoryURL = "https://github.com/smartvipere75/bottombar-swiftui";
			requirement = {
				branch = master;
				kind = branch;
			};
		};
/* End XCRemoteSwiftPackageReference section */

/* Begin XCSwiftPackageProductDependency section */
		9FC04BC12B823EBD00F9E489 /* Alamofire */ = {
			isa = XCSwiftPackageProductDependency;
			package = 9FC04BC02B823EBC00F9E489 /* XCRemoteSwiftPackageReference "Alamofire" */;
			productName = Alamofire;
		};
		9FC04BC42B82401A00F9E489 /* SwiftyJSON */ = {
			isa = XCSwiftPackageProductDependency;
			package = 9FC04BC32B82401A00F9E489 /* XCRemoteSwiftPackageReference "SwiftyJSON" */;
			productName = SwiftyJSON;
		};
		9FEA86852B790ADA00622C74 /* BottomBar-SwiftUI */ = {
			isa = XCSwiftPackageProductDependency;
			package = 9FEA86842B790ADA00622C74 /* XCRemoteSwiftPackageReference "bottombar-swiftui" */;
			productName = "BottomBar-SwiftUI";
		};
/* End XCSwiftPackageProductDependency section */
	};
	rootObject = 9FDC65A32B6C036C0095101C /* Project object */;
}
